
Microsoft Visual Studio Solution File, Format Version 12.00
# Visual Studio Version 17
VisualStudioVersion = 17.8.34330.188
MinimumVisualStudioVersion = 10.0.40219.1
Project("{FAE04EC0-301F-11D3-BF4B-00C04F79EFBC}") = "ApiCatalogo", "ApiCatalogo\ApiCatalogo.csproj", "{20A7C924-726D-46A6-A136-BFBAE0988FA0}"
EndProject
Global
	GlobalSection(SolutionConfigurationPlatforms) = preSolution
		Debug|Any CPU = Debug|Any CPU
		Release|Any CPU = Release|Any CPU
	EndGlobalSection
	GlobalSection(ProjectConfigurationPlatforms) = postSolution
		{20A7C924-726D-46A6-A136-BFBAE0988FA0}.Debug|Any CPU.ActiveCfg = Debug|Any CPU
		{20A7C924-726D-46A6-A136-BFBAE0988FA0}.Debug|Any CPU.Build.0 = Debug|Any CPU
		{20A7C924-726D-46A6-A136-BFBAE0988FA0}.Release|Any CPU.ActiveCfg = Release|Any CPU
		{20A7C924-726D-46A6-A136-BFBAE0988FA0}.Release|Any CPU.Build.0 = Release|Any CPU
	EndGlobalSection
	GlobalSection(SolutionProperties) = preSolution
		HideSolutionNode = FALSE
	EndGlobalSection
	GlobalSection(ExtensibilityGlobals) = postSolution
		SolutionGuid = {E62B3F38-7453-48D2-B9CA-AD20AE01DBEA}
	EndGlobalSection
EndGlobal
